
Microsoft Visual Studio Solution File, Format Version 11.00
# Visual Studio 2010
Project("{FAE04EC0-301F-11D3-BF4B-00C04F79EFBC}") = "THOK.Authority.Dal", "THOK.Authority.Dal\THOK.Authority.Dal.csproj", "{A8E32F0A-A9F4-4CDD-8C7A-8304CD034070}"
EndProject
Project("{FAE04EC0-301F-11D3-BF4B-00C04F79EFBC}") = "THOK.Authority.Bll", "THOK.Authority.Bll\THOK.Authority.Bll.csproj", "{8375EB8C-20CB-4E3E-BCF4-85E54F61D241}"
EndProject
Project("{FAE04EC0-301F-11D3-BF4B-00C04F79EFBC}") = "THOK.Authority.DbModel", "THOK.Authority.DbModel\THOK.Authority.DbModel.csproj", "{F7EB9C5D-6082-4DE6-B1C0-740AFF0CFE11}"
EndProject
Project("{FAE04EC0-301F-11D3-BF4B-00C04F79EFBC}") = "THOK.WMS.DbModel", "THOK.Wms.DbModel\THOK.WMS.DbModel.csproj", "{E243AB76-351D-4C97-BFE3-D55E0BA0DECF}"
EndProject
Project("{FAE04EC0-301F-11D3-BF4B-00C04F79EFBC}") = "THOK.Common", "THOK.Common\THOK.Common.csproj", "{2F9C4207-F8A0-4E55-A2CB-3514ADC0A437}"
EndProject
Project("{FAE04EC0-301F-11D3-BF4B-00C04F79EFBC}") = "THOK.Common.Ef", "THOK.Common.Ef\THOK.Common.Ef.csproj", "{59FB8EB5-F5B8-4423-8550-A7819C855CDE}"
EndProject
Project("{FAE04EC0-301F-11D3-BF4B-00C04F79EFBC}") = "THOK.Common.WebUtil", "THOK.Common.WEBUtil\THOK.Common.WebUtil.csproj", "{EC6DCF36-B010-4E48-88FC-BABC33EBCCFB}"
EndProject
Project("{FAE04EC0-301F-11D3-BF4B-00C04F79EFBC}") = "THOK.WMS.Dal", "THOK.Wms.Dal\THOK.WMS.Dal.csproj", "{DB6CC091-9BC6-415C-A0D2-E34289669102}"
EndProject
Project("{FAE04EC0-301F-11D3-BF4B-00C04F79EFBC}") = "THOK.WMS.Bll", "THOK.Wms.Bll\THOK.WMS.Bll.csproj", "{2B8E7C92-13CA-426C-94DA-7D021EBD504C}"
EndProject
Project("{FAE04EC0-301F-11D3-BF4B-00C04F79EFBC}") = "THOK.Wms.Repository", "THOK.Wms.Repository\THOK.Wms.Repository.csproj", "{259E5E16-41D8-420F-A11C-72BEE784B5CB}"
EndProject
Project("{FAE04EC0-301F-11D3-BF4B-00C04F79EFBC}") = "WMS", "Wms\WMS.csproj", "{B6AE2761-94D7-45B1-989E-F1BC3B860590}"
EndProject
Project("{FAE04EC0-301F-11D3-BF4B-00C04F79EFBC}") = "THOK.WMS.Allot", "THOK.Wms.Allot\THOK.WMS.Allot.csproj", "{330D59D0-3B57-4F12-BB7D-49AF46DCD46D}"
EndProject
Project("{2150E333-8FDC-42A3-9474-1A3956D46DE8}") = "Doc", "Doc", "{47999AD9-AB42-4E2D-8C04-E10117107561}"
	ProjectSection(SolutionItems) = preProject
		..\..\doc\jquery.easyui-1.2.2.chm = ..\..\doc\jquery.easyui-1.2.2.chm
		..\..\doc\jquery1.7.2_20120420.chm = ..\..\doc\jquery1.7.2_20120420.chm
		..\..\doc\中烟接口信息表.xls = ..\..\doc\中烟接口信息表.xls
		..\..\doc\旧仓储数据结构.vsd = ..\..\doc\旧仓储数据结构.vsd
		..\..\doc\相关技术说明.txt = ..\..\doc\相关技术说明.txt
		..\..\doc\硬件说明.doc = ..\..\doc\硬件说明.doc
		..\..\doc\编码规范.doc = ..\..\doc\编码规范.doc
		..\..\doc\菜单说明.txt = ..\..\doc\菜单说明.txt
	EndProjectSection
EndProject
Project("{FAE04EC0-301F-11D3-BF4B-00C04F79EFBC}") = "THOK.WMS.SignalR", "THOK.Wms.SignalR\THOK.WMS.SignalR.csproj", "{04A2C9B1-0F35-42CF-A6A7-4319D7C6E95F}"
EndProject
Project("{FAE04EC0-301F-11D3-BF4B-00C04F79EFBC}") = "THOK.WMS.AutomotiveSystems", "THOK.Wms.AutomotiveSystems\THOK.WMS.AutomotiveSystems.csproj", "{52A95469-B4A3-43C8-99CA-23A6910EE173}"
EndProject
Project("{FAE04EC0-301F-11D3-BF4B-00C04F79EFBC}") = "THOK.WMS.DownloadWms", "THOK.Wms.DownloadWms\THOK.WMS.DownloadWms.csproj", "{70E54BF4-84BD-4F2C-B9E5-93F682A9844D}"
EndProject
Project("{FAE04EC0-301F-11D3-BF4B-00C04F79EFBC}") = "THOK.WMS.Upload", "THOK.Wms.Upload\THOK.WMS.Upload.csproj", "{D0A12011-ED6A-4B13-A6C7-2D42D9F3ED67}"
EndProject
Project("{FAE04EC0-301F-11D3-BF4B-00C04F79EFBC}") = "THOK.Common.Highcharts", "THOK.Common.Highcharts\THOK.Common.Highcharts.csproj", "{42BDE168-C741-4339-92B6-0656E798E989}"
EndProject
Project("{FAE04EC0-301F-11D3-BF4B-00C04F79EFBC}") = "THOK.Common.NPOI", "THOK.Common.NPOI\THOK.Common.NPOI.csproj", "{F13B4CEE-A865-4815-B5DA-65D579FF008F}"
EndProject
Project("{FAE04EC0-301F-11D3-BF4B-00C04F79EFBC}") = "THOK.Common.Entity", "THOK.Common.Entity\THOK.Common.Entity.csproj", "{D629856F-6F11-4A87-8440-A5B66383A26A}"
EndProject
Project("{2150E333-8FDC-42A3-9474-1A3956D46DE8}") = "Authority", "Authority", "{B5B0E6BF-66B6-4FC4-BFFA-F82010EBEA33}"
EndProject
Project("{2150E333-8FDC-42A3-9474-1A3956D46DE8}") = "Common", "Common", "{5B2C3F11-1A43-42B6-A806-FC451DD9D604}"
EndProject
Project("{2150E333-8FDC-42A3-9474-1A3956D46DE8}") = "WMS", "WMS", "{1A9F747A-B3D7-4BFF-917B-232C1A9B1C48}"
EndProject
Project("{2150E333-8FDC-42A3-9474-1A3956D46DE8}") = "BLL", "BLL", "{C9052C89-4288-44FC-BCE3-75981136C5AA}"
EndProject
Project("{2150E333-8FDC-42A3-9474-1A3956D46DE8}") = "Application", "Application", "{FD61F46B-C50A-44CF-9197-476E9687E9B3}"
EndProject
Project("{2150E333-8FDC-42A3-9474-1A3956D46DE8}") = "Repository", "Repository", "{4FCFAF14-FB1A-4CE2-A7B3-C25A4D635DF8}"
EndProject
Project("{2150E333-8FDC-42A3-9474-1A3956D46DE8}") = "WCS", "WCS", "{09BE4AE3-5A8C-4F7D-8644-C956D52B17E8}"
EndProject
Project("{FAE04EC0-301F-11D3-BF4B-00C04F79EFBC}") = "THOK.WCS.Dal", "THOK.WCS.Dal\THOK.WCS.Dal.csproj", "{03A98CF0-14B1-4FD7-BC27-1F19728C8674}"
EndProject
Project("{FAE04EC0-301F-11D3-BF4B-00C04F79EFBC}") = "THOK.WCS.DbModel", "THOK.WCS.DbModel\THOK.WCS.DbModel.csproj", "{B8A298CE-D286-4381-9B61-6527B3677ACA}"
EndProject
Project("{FAE04EC0-301F-11D3-BF4B-00C04F79EFBC}") = "THOK.WCS.Bll", "THOK.WCS.Bll\THOK.WCS.Bll.csproj", "{C7885513-E200-41BD-8409-359DE49C232D}"
EndProject
Project("{FAE04EC0-301F-11D3-BF4B-00C04F79EFBC}") = "THOK.WMS.Download", "THOK.Wms.Download\THOK.WMS.Download.csproj", "{9495DAFA-C32B-445C-B760-341CBE9288C6}"
EndProject
Project("{2150E333-8FDC-42A3-9474-1A3956D46DE8}") = ".nuget", ".nuget", "{052DE833-7762-4DBA-9A71-9124EA646414}"
	ProjectSection(SolutionItems) = preProject
		.nuget\NuGet.Config = .nuget\NuGet.Config
		.nuget\NuGet.exe = .nuget\NuGet.exe
		.nuget\NuGet.targets = .nuget\NuGet.targets
	EndProjectSection
EndProject
Project("{FAE04EC0-301F-11D3-BF4B-00C04F79EFBC}") = "THOK.Common.Inspur", "THOK.Common.Inspur\THOK.Common.Inspur.csproj", "{50F7CB60-0F7E-48E5-A61E-73385873E088}"
EndProject
Global
	GlobalSection(TestCaseManagementSettings) = postSolution
		CategoryFile = Authority.vsmdi
	EndGlobalSection
	GlobalSection(SolutionConfigurationPlatforms) = preSolution
		Debug|Any CPU = Debug|Any CPU
		Debug|Mixed Platforms = Debug|Mixed Platforms
		Debug|x86 = Debug|x86
		Release|Any CPU = Release|Any CPU
		Release|Mixed Platforms = Release|Mixed Platforms
		Release|x86 = Release|x86
	EndGlobalSection
	GlobalSection(ProjectConfigurationPlatforms) = postSolution
		{A8E32F0A-A9F4-4CDD-8C7A-8304CD034070}.Debug|Any CPU.ActiveCfg = Debug|Any CPU
		{A8E32F0A-A9F4-4CDD-8C7A-8304CD034070}.Debug|Any CPU.Build.0 = Debug|Any CPU
		{A8E32F0A-A9F4-4CDD-8C7A-8304CD034070}.Debug|Mixed Platforms.ActiveCfg = Debug|Any CPU
		{A8E32F0A-A9F4-4CDD-8C7A-8304CD034070}.Debug|Mixed Platforms.Build.0 = Debug|Any CPU
		{A8E32F0A-A9F4-4CDD-8C7A-8304CD034070}.Debug|x86.ActiveCfg = Debug|Any CPU
		{A8E32F0A-A9F4-4CDD-8C7A-8304CD034070}.Release|Any CPU.ActiveCfg = Release|Any CPU
		{A8E32F0A-A9F4-4CDD-8C7A-8304CD034070}.Release|Any CPU.Build.0 = Release|Any CPU
		{A8E32F0A-A9F4-4CDD-8C7A-8304CD034070}.Release|Mixed Platforms.ActiveCfg = Release|Any CPU
		{A8E32F0A-A9F4-4CDD-8C7A-8304CD034070}.Release|Mixed Platforms.Build.0 = Release|Any CPU
		{A8E32F0A-A9F4-4CDD-8C7A-8304CD034070}.Release|x86.ActiveCfg = Release|Any CPU
		{8375EB8C-20CB-4E3E-BCF4-85E54F61D241}.Debug|Any CPU.ActiveCfg = Debug|Any CPU
		{8375EB8C-20CB-4E3E-BCF4-85E54F61D241}.Debug|Any CPU.Build.0 = Debug|Any CPU
		{8375EB8C-20CB-4E3E-BCF4-85E54F61D241}.Debug|Mixed Platforms.ActiveCfg = Debug|Any CPU
		{8375EB8C-20CB-4E3E-BCF4-85E54F61D241}.Debug|Mixed Platforms.Build.0 = Debug|Any CPU
		{8375EB8C-20CB-4E3E-BCF4-85E54F61D241}.Debug|x86.ActiveCfg = Debug|Any CPU
		{8375EB8C-20CB-4E3E-BCF4-85E54F61D241}.Release|Any CPU.ActiveCfg = Release|Any CPU
		{8375EB8C-20CB-4E3E-BCF4-85E54F61D241}.Release|Any CPU.Build.0 = Release|Any CPU
		{8375EB8C-20CB-4E3E-BCF4-85E54F61D241}.Release|Mixed Platforms.ActiveCfg = Release|Any CPU
		{8375EB8C-20CB-4E3E-BCF4-85E54F61D241}.Release|Mixed Platforms.Build.0 = Release|Any CPU
		{8375EB8C-20CB-4E3E-BCF4-85E54F61D241}.Release|x86.ActiveCfg = Release|Any CPU
		{F7EB9C5D-6082-4DE6-B1C0-740AFF0CFE11}.Debug|Any CPU.ActiveCfg = Debug|Any CPU
		{F7EB9C5D-6082-4DE6-B1C0-740AFF0CFE11}.Debug|Any CPU.Build.0 = Debug|Any CPU
		{F7EB9C5D-6082-4DE6-B1C0-740AFF0CFE11}.Debug|Mixed Platforms.ActiveCfg = Debug|Any CPU
		{F7EB9C5D-6082-4DE6-B1C0-740AFF0CFE11}.Debug|Mixed Platforms.Build.0 = Debug|Any CPU
		{F7EB9C5D-6082-4DE6-B1C0-740AFF0CFE11}.Debug|x86.ActiveCfg = Debug|Any CPU
		{F7EB9C5D-6082-4DE6-B1C0-740AFF0CFE11}.Release|Any CPU.ActiveCfg = Release|Any CPU
		{F7EB9C5D-6082-4DE6-B1C0-740AFF0CFE11}.Release|Any CPU.Build.0 = Release|Any CPU
		{F7EB9C5D-6082-4DE6-B1C0-740AFF0CFE11}.Release|Mixed Platforms.ActiveCfg = Release|Any CPU
		{F7EB9C5D-6082-4DE6-B1C0-740AFF0CFE11}.Release|Mixed Platforms.Build.0 = Release|Any CPU
		{F7EB9C5D-6082-4DE6-B1C0-740AFF0CFE11}.Release|x86.ActiveCfg = Release|Any CPU
		{E243AB76-351D-4C97-BFE3-D55E0BA0DECF}.Debug|Any CPU.ActiveCfg = Debug|Any CPU
		{E243AB76-351D-4C97-BFE3-D55E0BA0DECF}.Debug|Any CPU.Build.0 = Debug|Any CPU
		{E243AB76-351D-4C97-BFE3-D55E0BA0DECF}.Debug|Mixed Platforms.ActiveCfg = Debug|Any CPU
		{E243AB76-351D-4C97-BFE3-D55E0BA0DECF}.Debug|Mixed Platforms.Build.0 = Debug|Any CPU
		{E243AB76-351D-4C97-BFE3-D55E0BA0DECF}.Debug|x86.ActiveCfg = Debug|Any CPU
		{E243AB76-351D-4C97-BFE3-D55E0BA0DECF}.Release|Any CPU.ActiveCfg = Release|Any CPU
		{E243AB76-351D-4C97-BFE3-D55E0BA0DECF}.Release|Any CPU.Build.0 = Release|Any CPU
		{E243AB76-351D-4C97-BFE3-D55E0BA0DECF}.Release|Mixed Platforms.ActiveCfg = Release|Any CPU
		{E243AB76-351D-4C97-BFE3-D55E0BA0DECF}.Release|Mixed Platforms.Build.0 = Release|Any CPU
		{E243AB76-351D-4C97-BFE3-D55E0BA0DECF}.Release|x86.ActiveCfg = Release|Any CPU
		{2F9C4207-F8A0-4E55-A2CB-3514ADC0A437}.Debug|Any CPU.ActiveCfg = Debug|Any CPU
		{2F9C4207-F8A0-4E55-A2CB-3514ADC0A437}.Debug|Any CPU.Build.0 = Debug|Any CPU
		{2F9C4207-F8A0-4E55-A2CB-3514ADC0A437}.Debug|Mixed Platforms.ActiveCfg = Debug|Any CPU
		{2F9C4207-F8A0-4E55-A2CB-3514ADC0A437}.Debug|Mixed Platforms.Build.0 = Debug|Any CPU
		{2F9C4207-F8A0-4E55-A2CB-3514ADC0A437}.Debug|x86.ActiveCfg = Debug|Any CPU
		{2F9C4207-F8A0-4E55-A2CB-3514ADC0A437}.Release|Any CPU.ActiveCfg = Release|Any CPU
		{2F9C4207-F8A0-4E55-A2CB-3514ADC0A437}.Release|Any CPU.Build.0 = Release|Any CPU
		{2F9C4207-F8A0-4E55-A2CB-3514ADC0A437}.Release|Mixed Platforms.ActiveCfg = Release|Any CPU
		{2F9C4207-F8A0-4E55-A2CB-3514ADC0A437}.Release|Mixed Platforms.Build.0 = Release|Any CPU
		{2F9C4207-F8A0-4E55-A2CB-3514ADC0A437}.Release|x86.ActiveCfg = Release|Any CPU
		{59FB8EB5-F5B8-4423-8550-A7819C855CDE}.Debug|Any CPU.ActiveCfg = Debug|Any CPU
		{59FB8EB5-F5B8-4423-8550-A7819C855CDE}.Debug|Any CPU.Build.0 = Debug|Any CPU
		{59FB8EB5-F5B8-4423-8550-A7819C855CDE}.Debug|Mixed Platforms.ActiveCfg = Debug|Any CPU
		{59FB8EB5-F5B8-4423-8550-A7819C855CDE}.Debug|Mixed Platforms.Build.0 = Debug|Any CPU
		{59FB8EB5-F5B8-4423-8550-A7819C855CDE}.Debug|x86.ActiveCfg = Debug|Any CPU
		{59FB8EB5-F5B8-4423-8550-A7819C855CDE}.Release|Any CPU.ActiveCfg = Release|Any CPU
		{59FB8EB5-F5B8-4423-8550-A7819C855CDE}.Release|Any CPU.Build.0 = Release|Any CPU
		{59FB8EB5-F5B8-4423-8550-A7819C855CDE}.Release|Mixed Platforms.ActiveCfg = Release|Any CPU
		{59FB8EB5-F5B8-4423-8550-A7819C855CDE}.Release|Mixed Platforms.Build.0 = Release|Any CPU
		{59FB8EB5-F5B8-4423-8550-A7819C855CDE}.Release|x86.ActiveCfg = Release|Any CPU
		{EC6DCF36-B010-4E48-88FC-BABC33EBCCFB}.Debug|Any CPU.ActiveCfg = Debug|Any CPU
		{EC6DCF36-B010-4E48-88FC-BABC33EBCCFB}.Debug|Any CPU.Build.0 = Debug|Any CPU
		{EC6DCF36-B010-4E48-88FC-BABC33EBCCFB}.Debug|Mixed Platforms.ActiveCfg = Debug|Any CPU
		{EC6DCF36-B010-4E48-88FC-BABC33EBCCFB}.Debug|Mixed Platforms.Build.0 = Debug|Any CPU
		{EC6DCF36-B010-4E48-88FC-BABC33EBCCFB}.Debug|x86.ActiveCfg = Debug|Any CPU
		{EC6DCF36-B010-4E48-88FC-BABC33EBCCFB}.Release|Any CPU.ActiveCfg = Release|Any CPU
		{EC6DCF36-B010-4E48-88FC-BABC33EBCCFB}.Release|Any CPU.Build.0 = Release|Any CPU
		{EC6DCF36-B010-4E48-88FC-BABC33EBCCFB}.Release|Mixed Platforms.ActiveCfg = Release|Any CPU
		{EC6DCF36-B010-4E48-88FC-BABC33EBCCFB}.Release|Mixed Platforms.Build.0 = Release|Any CPU
		{EC6DCF36-B010-4E48-88FC-BABC33EBCCFB}.Release|x86.ActiveCfg = Release|Any CPU
		{DB6CC091-9BC6-415C-A0D2-E34289669102}.Debug|Any CPU.ActiveCfg = Debug|Any CPU
		{DB6CC091-9BC6-415C-A0D2-E34289669102}.Debug|Any CPU.Build.0 = Debug|Any CPU
		{DB6CC091-9BC6-415C-A0D2-E34289669102}.Debug|Mixed Platforms.ActiveCfg = Debug|Any CPU
		{DB6CC091-9BC6-415C-A0D2-E34289669102}.Debug|Mixed Platforms.Build.0 = Debug|Any CPU
		{DB6CC091-9BC6-415C-A0D2-E34289669102}.Debug|x86.ActiveCfg = Debug|Any CPU
		{DB6CC091-9BC6-415C-A0D2-E34289669102}.Release|Any CPU.ActiveCfg = Release|Any CPU
		{DB6CC091-9BC6-415C-A0D2-E34289669102}.Release|Any CPU.Build.0 = Release|Any CPU
		{DB6CC091-9BC6-415C-A0D2-E34289669102}.Release|Mixed Platforms.ActiveCfg = Release|Any CPU
		{DB6CC091-9BC6-415C-A0D2-E34289669102}.Release|Mixed Platforms.Build.0 = Release|Any CPU
		{DB6CC091-9BC6-415C-A0D2-E34289669102}.Release|x86.ActiveCfg = Release|Any CPU
		{2B8E7C92-13CA-426C-94DA-7D021EBD504C}.Debug|Any CPU.ActiveCfg = Debug|Any CPU
		{2B8E7C92-13CA-426C-94DA-7D021EBD504C}.Debug|Any CPU.Build.0 = Debug|Any CPU
		{2B8E7C92-13CA-426C-94DA-7D021EBD504C}.Debug|Mixed Platforms.ActiveCfg = Debug|Any CPU
		{2B8E7C92-13CA-426C-94DA-7D021EBD504C}.Debug|Mixed Platforms.Build.0 = Debug|Any CPU
		{2B8E7C92-13CA-426C-94DA-7D021EBD504C}.Debug|x86.ActiveCfg = Debug|Any CPU
		{2B8E7C92-13CA-426C-94DA-7D021EBD504C}.Release|Any CPU.ActiveCfg = Release|Any CPU
		{2B8E7C92-13CA-426C-94DA-7D021EBD504C}.Release|Any CPU.Build.0 = Release|Any CPU
		{2B8E7C92-13CA-426C-94DA-7D021EBD504C}.Release|Mixed Platforms.ActiveCfg = Release|Any CPU
		{2B8E7C92-13CA-426C-94DA-7D021EBD504C}.Release|Mixed Platforms.Build.0 = Release|Any CPU
		{2B8E7C92-13CA-426C-94DA-7D021EBD504C}.Release|x86.ActiveCfg = Release|Any CPU
		{259E5E16-41D8-420F-A11C-72BEE784B5CB}.Debug|Any CPU.ActiveCfg = Debug|Any CPU
		{259E5E16-41D8-420F-A11C-72BEE784B5CB}.Debug|Any CPU.Build.0 = Debug|Any CPU
		{259E5E16-41D8-420F-A11C-72BEE784B5CB}.Debug|Mixed Platforms.ActiveCfg = Debug|Any CPU
		{259E5E16-41D8-420F-A11C-72BEE784B5CB}.Debug|Mixed Platforms.Build.0 = Debug|Any CPU
		{259E5E16-41D8-420F-A11C-72BEE784B5CB}.Debug|x86.ActiveCfg = Debug|Any CPU
		{259E5E16-41D8-420F-A11C-72BEE784B5CB}.Release|Any CPU.ActiveCfg = Release|Any CPU
		{259E5E16-41D8-420F-A11C-72BEE784B5CB}.Release|Any CPU.Build.0 = Release|Any CPU
		{259E5E16-41D8-420F-A11C-72BEE784B5CB}.Release|Mixed Platforms.ActiveCfg = Release|Any CPU
		{259E5E16-41D8-420F-A11C-72BEE784B5CB}.Release|Mixed Platforms.Build.0 = Release|Any CPU
		{259E5E16-41D8-420F-A11C-72BEE784B5CB}.Release|x86.ActiveCfg = Release|Any CPU
		{B6AE2761-94D7-45B1-989E-F1BC3B860590}.Debug|Any CPU.ActiveCfg = Debug|Any CPU
		{B6AE2761-94D7-45B1-989E-F1BC3B860590}.Debug|Any CPU.Build.0 = Debug|Any CPU
		{B6AE2761-94D7-45B1-989E-F1BC3B860590}.Debug|Mixed Platforms.ActiveCfg = Debug|Any CPU
		{B6AE2761-94D7-45B1-989E-F1BC3B860590}.Debug|Mixed Platforms.Build.0 = Debug|Any CPU
		{B6AE2761-94D7-45B1-989E-F1BC3B860590}.Debug|x86.ActiveCfg = Debug|Any CPU
		{B6AE2761-94D7-45B1-989E-F1BC3B860590}.Release|Any CPU.ActiveCfg = Release|Any CPU
		{B6AE2761-94D7-45B1-989E-F1BC3B860590}.Release|Any CPU.Build.0 = Release|Any CPU
		{B6AE2761-94D7-45B1-989E-F1BC3B860590}.Release|Mixed Platforms.ActiveCfg = Release|Any CPU
		{B6AE2761-94D7-45B1-989E-F1BC3B860590}.Release|Mixed Platforms.Build.0 = Release|Any CPU
		{B6AE2761-94D7-45B1-989E-F1BC3B860590}.Release|x86.ActiveCfg = Release|Any CPU
		{330D59D0-3B57-4F12-BB7D-49AF46DCD46D}.Debug|Any CPU.ActiveCfg = Debug|Any CPU
		{330D59D0-3B57-4F12-BB7D-49AF46DCD46D}.Debug|Any CPU.Build.0 = Debug|Any CPU
		{330D59D0-3B57-4F12-BB7D-49AF46DCD46D}.Debug|Mixed Platforms.ActiveCfg = Debug|Any CPU
		{330D59D0-3B57-4F12-BB7D-49AF46DCD46D}.Debug|Mixed Platforms.Build.0 = Debug|Any CPU
		{330D59D0-3B57-4F12-BB7D-49AF46DCD46D}.Debug|x86.ActiveCfg = Debug|Any CPU
		{330D59D0-3B57-4F12-BB7D-49AF46DCD46D}.Release|Any CPU.ActiveCfg = Release|Any CPU
		{330D59D0-3B57-4F12-BB7D-49AF46DCD46D}.Release|Any CPU.Build.0 = Release|Any CPU
		{330D59D0-3B57-4F12-BB7D-49AF46DCD46D}.Release|Mixed Platforms.ActiveCfg = Release|Any CPU
		{330D59D0-3B57-4F12-BB7D-49AF46DCD46D}.Release|Mixed Platforms.Build.0 = Release|Any CPU
		{330D59D0-3B57-4F12-BB7D-49AF46DCD46D}.Release|x86.ActiveCfg = Release|Any CPU
		{04A2C9B1-0F35-42CF-A6A7-4319D7C6E95F}.Debug|Any CPU.ActiveCfg = Debug|Any CPU
		{04A2C9B1-0F35-42CF-A6A7-4319D7C6E95F}.Debug|Any CPU.Build.0 = Debug|Any CPU
		{04A2C9B1-0F35-42CF-A6A7-4319D7C6E95F}.Debug|Mixed Platforms.ActiveCfg = Debug|Any CPU
		{04A2C9B1-0F35-42CF-A6A7-4319D7C6E95F}.Debug|Mixed Platforms.Build.0 = Debug|Any CPU
		{04A2C9B1-0F35-42CF-A6A7-4319D7C6E95F}.Debug|x86.ActiveCfg = Debug|Any CPU
		{04A2C9B1-0F35-42CF-A6A7-4319D7C6E95F}.Release|Any CPU.ActiveCfg = Release|Any CPU
		{04A2C9B1-0F35-42CF-A6A7-4319D7C6E95F}.Release|Any CPU.Build.0 = Release|Any CPU
		{04A2C9B1-0F35-42CF-A6A7-4319D7C6E95F}.Release|Mixed Platforms.ActiveCfg = Release|Any CPU
		{04A2C9B1-0F35-42CF-A6A7-4319D7C6E95F}.Release|Mixed Platforms.Build.0 = Release|Any CPU
		{04A2C9B1-0F35-42CF-A6A7-4319D7C6E95F}.Release|x86.ActiveCfg = Release|Any CPU
		{52A95469-B4A3-43C8-99CA-23A6910EE173}.Debug|Any CPU.ActiveCfg = Debug|Any CPU
		{52A95469-B4A3-43C8-99CA-23A6910EE173}.Debug|Any CPU.Build.0 = Debug|Any CPU
		{52A95469-B4A3-43C8-99CA-23A6910EE173}.Debug|Mixed Platforms.ActiveCfg = Debug|Any CPU
		{52A95469-B4A3-43C8-99CA-23A6910EE173}.Debug|Mixed Platforms.Build.0 = Debug|Any CPU
		{52A95469-B4A3-43C8-99CA-23A6910EE173}.Debug|x86.ActiveCfg = Debug|Any CPU
		{52A95469-B4A3-43C8-99CA-23A6910EE173}.Release|Any CPU.ActiveCfg = Release|Any CPU
		{52A95469-B4A3-43C8-99CA-23A6910EE173}.Release|Any CPU.Build.0 = Release|Any CPU
		{52A95469-B4A3-43C8-99CA-23A6910EE173}.Release|Mixed Platforms.ActiveCfg = Release|Any CPU
		{52A95469-B4A3-43C8-99CA-23A6910EE173}.Release|Mixed Platforms.Build.0 = Release|Any CPU
		{52A95469-B4A3-43C8-99CA-23A6910EE173}.Release|x86.ActiveCfg = Release|Any CPU
		{70E54BF4-84BD-4F2C-B9E5-93F682A9844D}.Debug|Any CPU.ActiveCfg = Debug|Any CPU
		{70E54BF4-84BD-4F2C-B9E5-93F682A9844D}.Debug|Any CPU.Build.0 = Debug|Any CPU
		{70E54BF4-84BD-4F2C-B9E5-93F682A9844D}.Debug|Mixed Platforms.ActiveCfg = Debug|Any CPU
		{70E54BF4-84BD-4F2C-B9E5-93F682A9844D}.Debug|Mixed Platforms.Build.0 = Debug|Any CPU
		{70E54BF4-84BD-4F2C-B9E5-93F682A9844D}.Debug|x86.ActiveCfg = Debug|Any CPU
		{70E54BF4-84BD-4F2C-B9E5-93F682A9844D}.Release|Any CPU.ActiveCfg = Release|Any CPU
		{70E54BF4-84BD-4F2C-B9E5-93F682A9844D}.Release|Any CPU.Build.0 = Release|Any CPU
		{70E54BF4-84BD-4F2C-B9E5-93F682A9844D}.Release|Mixed Platforms.ActiveCfg = Release|Any CPU
		{70E54BF4-84BD-4F2C-B9E5-93F682A9844D}.Release|Mixed Platforms.Build.0 = Release|Any CPU
		{70E54BF4-84BD-4F2C-B9E5-93F682A9844D}.Release|x86.ActiveCfg = Release|Any CPU
		{D0A12011-ED6A-4B13-A6C7-2D42D9F3ED67}.Debug|Any CPU.ActiveCfg = Debug|Any CPU
		{D0A12011-ED6A-4B13-A6C7-2D42D9F3ED67}.Debug|Any CPU.Build.0 = Debug|Any CPU
		{D0A12011-ED6A-4B13-A6C7-2D42D9F3ED67}.Debug|Mixed Platforms.ActiveCfg = Debug|Any CPU
		{D0A12011-ED6A-4B13-A6C7-2D42D9F3ED67}.Debug|Mixed Platforms.Build.0 = Debug|Any CPU
		{D0A12011-ED6A-4B13-A6C7-2D42D9F3ED67}.Debug|x86.ActiveCfg = Debug|Any CPU
		{D0A12011-ED6A-4B13-A6C7-2D42D9F3ED67}.Release|Any CPU.ActiveCfg = Release|Any CPU
		{D0A12011-ED6A-4B13-A6C7-2D42D9F3ED67}.Release|Any CPU.Build.0 = Release|Any CPU
		{D0A12011-ED6A-4B13-A6C7-2D42D9F3ED67}.Release|Mixed Platforms.ActiveCfg = Release|Any CPU
		{D0A12011-ED6A-4B13-A6C7-2D42D9F3ED67}.Release|Mixed Platforms.Build.0 = Release|Any CPU
		{D0A12011-ED6A-4B13-A6C7-2D42D9F3ED67}.Release|x86.ActiveCfg = Release|Any CPU
		{42BDE168-C741-4339-92B6-0656E798E989}.Debug|Any CPU.ActiveCfg = Debug|Any CPU
		{42BDE168-C741-4339-92B6-0656E798E989}.Debug|Any CPU.Build.0 = Debug|Any CPU
		{42BDE168-C741-4339-92B6-0656E798E989}.Debug|Mixed Platforms.ActiveCfg = Debug|Any CPU
		{42BDE168-C741-4339-92B6-0656E798E989}.Debug|Mixed Platforms.Build.0 = Debug|Any CPU
		{42BDE168-C741-4339-92B6-0656E798E989}.Debug|x86.ActiveCfg = Debug|Any CPU
		{42BDE168-C741-4339-92B6-0656E798E989}.Release|Any CPU.ActiveCfg = Release|Any CPU
		{42BDE168-C741-4339-92B6-0656E798E989}.Release|Any CPU.Build.0 = Release|Any CPU
		{42BDE168-C741-4339-92B6-0656E798E989}.Release|Mixed Platforms.ActiveCfg = Release|Any CPU
		{42BDE168-C741-4339-92B6-0656E798E989}.Release|Mixed Platforms.Build.0 = Release|Any CPU
		{42BDE168-C741-4339-92B6-0656E798E989}.Release|x86.ActiveCfg = Release|Any CPU
		{F13B4CEE-A865-4815-B5DA-65D579FF008F}.Debug|Any CPU.ActiveCfg = Debug|Any CPU
		{F13B4CEE-A865-4815-B5DA-65D579FF008F}.Debug|Any CPU.Build.0 = Debug|Any CPU
		{F13B4CEE-A865-4815-B5DA-65D579FF008F}.Debug|Mixed Platforms.ActiveCfg = Debug|Any CPU
		{F13B4CEE-A865-4815-B5DA-65D579FF008F}.Debug|Mixed Platforms.Build.0 = Debug|Any CPU
		{F13B4CEE-A865-4815-B5DA-65D579FF008F}.Debug|x86.ActiveCfg = Debug|Any CPU
		{F13B4CEE-A865-4815-B5DA-65D579FF008F}.Release|Any CPU.ActiveCfg = Release|Any CPU
		{F13B4CEE-A865-4815-B5DA-65D579FF008F}.Release|Any CPU.Build.0 = Release|Any CPU
		{F13B4CEE-A865-4815-B5DA-65D579FF008F}.Release|Mixed Platforms.ActiveCfg = Release|Any CPU
		{F13B4CEE-A865-4815-B5DA-65D579FF008F}.Release|Mixed Platforms.Build.0 = Release|Any CPU
		{F13B4CEE-A865-4815-B5DA-65D579FF008F}.Release|x86.ActiveCfg = Release|Any CPU
		{D629856F-6F11-4A87-8440-A5B66383A26A}.Debug|Any CPU.ActiveCfg = Debug|Any CPU
		{D629856F-6F11-4A87-8440-A5B66383A26A}.Debug|Any CPU.Build.0 = Debug|Any CPU
		{D629856F-6F11-4A87-8440-A5B66383A26A}.Debug|Mixed Platforms.ActiveCfg = Debug|Any CPU
		{D629856F-6F11-4A87-8440-A5B66383A26A}.Debug|Mixed Platforms.Build.0 = Debug|Any CPU
		{D629856F-6F11-4A87-8440-A5B66383A26A}.Debug|x86.ActiveCfg = Debug|Any CPU
		{D629856F-6F11-4A87-8440-A5B66383A26A}.Release|Any CPU.ActiveCfg = Release|Any CPU
		{D629856F-6F11-4A87-8440-A5B66383A26A}.Release|Any CPU.Build.0 = Release|Any CPU
		{D629856F-6F11-4A87-8440-A5B66383A26A}.Release|Mixed Platforms.ActiveCfg = Release|Any CPU
		{D629856F-6F11-4A87-8440-A5B66383A26A}.Release|Mixed Platforms.Build.0 = Release|Any CPU
		{D629856F-6F11-4A87-8440-A5B66383A26A}.Release|x86.ActiveCfg = Release|Any CPU
		{03A98CF0-14B1-4FD7-BC27-1F19728C8674}.Debug|Any CPU.ActiveCfg = Debug|Any CPU
		{03A98CF0-14B1-4FD7-BC27-1F19728C8674}.Debug|Any CPU.Build.0 = Debug|Any CPU
		{03A98CF0-14B1-4FD7-BC27-1F19728C8674}.Debug|Mixed Platforms.ActiveCfg = Debug|Any CPU
		{03A98CF0-14B1-4FD7-BC27-1F19728C8674}.Debug|Mixed Platforms.Build.0 = Debug|Any CPU
		{03A98CF0-14B1-4FD7-BC27-1F19728C8674}.Debug|x86.ActiveCfg = Debug|Any CPU
		{03A98CF0-14B1-4FD7-BC27-1F19728C8674}.Release|Any CPU.ActiveCfg = Release|Any CPU
		{03A98CF0-14B1-4FD7-BC27-1F19728C8674}.Release|Any CPU.Build.0 = Release|Any CPU
		{03A98CF0-14B1-4FD7-BC27-1F19728C8674}.Release|Mixed Platforms.ActiveCfg = Release|Any CPU
		{03A98CF0-14B1-4FD7-BC27-1F19728C8674}.Release|Mixed Platforms.Build.0 = Release|Any CPU
		{03A98CF0-14B1-4FD7-BC27-1F19728C8674}.Release|x86.ActiveCfg = Release|Any CPU
		{B8A298CE-D286-4381-9B61-6527B3677ACA}.Debug|Any CPU.ActiveCfg = Debug|Any CPU
		{B8A298CE-D286-4381-9B61-6527B3677ACA}.Debug|Any CPU.Build.0 = Debug|Any CPU
		{B8A298CE-D286-4381-9B61-6527B3677ACA}.Debug|Mixed Platforms.ActiveCfg = Debug|Any CPU
		{B8A298CE-D286-4381-9B61-6527B3677ACA}.Debug|Mixed Platforms.Build.0 = Debug|Any CPU
		{B8A298CE-D286-4381-9B61-6527B3677ACA}.Debug|x86.ActiveCfg = Debug|Any CPU
		{B8A298CE-D286-4381-9B61-6527B3677ACA}.Release|Any CPU.ActiveCfg = Release|Any CPU
		{B8A298CE-D286-4381-9B61-6527B3677ACA}.Release|Any CPU.Build.0 = Release|Any CPU
		{B8A298CE-D286-4381-9B61-6527B3677ACA}.Release|Mixed Platforms.ActiveCfg = Release|Any CPU
		{B8A298CE-D286-4381-9B61-6527B3677ACA}.Release|Mixed Platforms.Build.0 = Release|Any CPU
		{B8A298CE-D286-4381-9B61-6527B3677ACA}.Release|x86.ActiveCfg = Release|Any CPU
		{C7885513-E200-41BD-8409-359DE49C232D}.Debug|Any CPU.ActiveCfg = Debug|Any CPU
		{C7885513-E200-41BD-8409-359DE49C232D}.Debug|Any CPU.Build.0 = Debug|Any CPU
		{C7885513-E200-41BD-8409-359DE49C232D}.Debug|Mixed Platforms.ActiveCfg = Debug|Any CPU
		{C7885513-E200-41BD-8409-359DE49C232D}.Debug|Mixed Platforms.Build.0 = Debug|Any CPU
		{C7885513-E200-41BD-8409-359DE49C232D}.Debug|x86.ActiveCfg = Debug|Any CPU
		{C7885513-E200-41BD-8409-359DE49C232D}.Release|Any CPU.ActiveCfg = Release|Any CPU
		{C7885513-E200-41BD-8409-359DE49C232D}.Release|Any CPU.Build.0 = Release|Any CPU
		{C7885513-E200-41BD-8409-359DE49C232D}.Release|Mixed Platforms.ActiveCfg = Release|Any CPU
		{C7885513-E200-41BD-8409-359DE49C232D}.Release|Mixed Platforms.Build.0 = Release|Any CPU
		{C7885513-E200-41BD-8409-359DE49C232D}.Release|x86.ActiveCfg = Release|Any CPU
		{9495DAFA-C32B-445C-B760-341CBE9288C6}.Debug|Any CPU.ActiveCfg = Debug|Any CPU
		{9495DAFA-C32B-445C-B760-341CBE9288C6}.Debug|Any CPU.Build.0 = Debug|Any CPU
		{9495DAFA-C32B-445C-B760-341CBE9288C6}.Debug|Mixed Platforms.ActiveCfg = Debug|Any CPU
		{9495DAFA-C32B-445C-B760-341CBE9288C6}.Debug|Mixed Platforms.Build.0 = Debug|Any CPU
		{9495DAFA-C32B-445C-B760-341CBE9288C6}.Debug|x86.ActiveCfg = Debug|Any CPU
		{9495DAFA-C32B-445C-B760-341CBE9288C6}.Release|Any CPU.ActiveCfg = Release|Any CPU
		{9495DAFA-C32B-445C-B760-341CBE9288C6}.Release|Any CPU.Build.0 = Release|Any CPU
		{9495DAFA-C32B-445C-B760-341CBE9288C6}.Release|Mixed Platforms.ActiveCfg = Release|Any CPU
		{9495DAFA-C32B-445C-B760-341CBE9288C6}.Release|Mixed Platforms.Build.0 = Release|Any CPU
		{9495DAFA-C32B-445C-B760-341CBE9288C6}.Release|x86.ActiveCfg = Release|Any CPU
		{50F7CB60-0F7E-48E5-A61E-73385873E088}.Debug|Any CPU.ActiveCfg = Debug|Any CPU
		{50F7CB60-0F7E-48E5-A61E-73385873E088}.Debug|Any CPU.Build.0 = Debug|Any CPU
		{50F7CB60-0F7E-48E5-A61E-73385873E088}.Debug|Mixed Platforms.ActiveCfg = Debug|Any CPU
		{50F7CB60-0F7E-48E5-A61E-73385873E088}.Debug|Mixed Platforms.Build.0 = Debug|Any CPU
		{50F7CB60-0F7E-48E5-A61E-73385873E088}.Debug|x86.ActiveCfg = Debug|Any CPU
		{50F7CB60-0F7E-48E5-A61E-73385873E088}.Release|Any CPU.ActiveCfg = Release|Any CPU
		{50F7CB60-0F7E-48E5-A61E-73385873E088}.Release|Any CPU.Build.0 = Release|Any CPU
		{50F7CB60-0F7E-48E5-A61E-73385873E088}.Release|Mixed Platforms.ActiveCfg = Release|Any CPU
		{50F7CB60-0F7E-48E5-A61E-73385873E088}.Release|Mixed Platforms.Build.0 = Release|Any CPU
		{50F7CB60-0F7E-48E5-A61E-73385873E088}.Release|x86.ActiveCfg = Release|Any CPU
	EndGlobalSection
	GlobalSection(SolutionProperties) = preSolution
		HideSolutionNode = FALSE
	EndGlobalSection
	GlobalSection(NestedProjects) = preSolution
		{8375EB8C-20CB-4E3E-BCF4-85E54F61D241} = {B5B0E6BF-66B6-4FC4-BFFA-F82010EBEA33}
		{F7EB9C5D-6082-4DE6-B1C0-740AFF0CFE11} = {B5B0E6BF-66B6-4FC4-BFFA-F82010EBEA33}
		{A8E32F0A-A9F4-4CDD-8C7A-8304CD034070} = {B5B0E6BF-66B6-4FC4-BFFA-F82010EBEA33}
		{DB6CC091-9BC6-415C-A0D2-E34289669102} = {1A9F747A-B3D7-4BFF-917B-232C1A9B1C48}
		{2B8E7C92-13CA-426C-94DA-7D021EBD504C} = {1A9F747A-B3D7-4BFF-917B-232C1A9B1C48}
		{C9052C89-4288-44FC-BCE3-75981136C5AA} = {1A9F747A-B3D7-4BFF-917B-232C1A9B1C48}
		{E243AB76-351D-4C97-BFE3-D55E0BA0DECF} = {1A9F747A-B3D7-4BFF-917B-232C1A9B1C48}
		{59FB8EB5-F5B8-4423-8550-A7819C855CDE} = {5B2C3F11-1A43-42B6-A806-FC451DD9D604}
		{EC6DCF36-B010-4E48-88FC-BABC33EBCCFB} = {5B2C3F11-1A43-42B6-A806-FC451DD9D604}
		{42BDE168-C741-4339-92B6-0656E798E989} = {5B2C3F11-1A43-42B6-A806-FC451DD9D604}
		{F13B4CEE-A865-4815-B5DA-65D579FF008F} = {5B2C3F11-1A43-42B6-A806-FC451DD9D604}
		{D629856F-6F11-4A87-8440-A5B66383A26A} = {5B2C3F11-1A43-42B6-A806-FC451DD9D604}
		{2F9C4207-F8A0-4E55-A2CB-3514ADC0A437} = {5B2C3F11-1A43-42B6-A806-FC451DD9D604}
		{50F7CB60-0F7E-48E5-A61E-73385873E088} = {5B2C3F11-1A43-42B6-A806-FC451DD9D604}
		{259E5E16-41D8-420F-A11C-72BEE784B5CB} = {4FCFAF14-FB1A-4CE2-A7B3-C25A4D635DF8}
		{B6AE2761-94D7-45B1-989E-F1BC3B860590} = {FD61F46B-C50A-44CF-9197-476E9687E9B3}
		{04A2C9B1-0F35-42CF-A6A7-4319D7C6E95F} = {C9052C89-4288-44FC-BCE3-75981136C5AA}
		{52A95469-B4A3-43C8-99CA-23A6910EE173} = {C9052C89-4288-44FC-BCE3-75981136C5AA}
		{70E54BF4-84BD-4F2C-B9E5-93F682A9844D} = {C9052C89-4288-44FC-BCE3-75981136C5AA}
		{D0A12011-ED6A-4B13-A6C7-2D42D9F3ED67} = {C9052C89-4288-44FC-BCE3-75981136C5AA}
		{330D59D0-3B57-4F12-BB7D-49AF46DCD46D} = {C9052C89-4288-44FC-BCE3-75981136C5AA}
		{9495DAFA-C32B-445C-B760-341CBE9288C6} = {C9052C89-4288-44FC-BCE3-75981136C5AA}
		{03A98CF0-14B1-4FD7-BC27-1F19728C8674} = {09BE4AE3-5A8C-4F7D-8644-C956D52B17E8}
		{B8A298CE-D286-4381-9B61-6527B3677ACA} = {09BE4AE3-5A8C-4F7D-8644-C956D52B17E8}
		{C7885513-E200-41BD-8409-359DE49C232D} = {09BE4AE3-5A8C-4F7D-8644-C956D52B17E8}
	EndGlobalSection
EndGlobal
