
Microsoft Visual Studio Solution File, Format Version 10.00
# Visual Studio 2008
Project("{FAE04EC0-301F-11D3-BF4B-00C04F79EFBC}") = "THOK.PDA", "THOK.PDA\THOK.PDA.csproj", "{73A8205B-3341-4F32-9822-08A400433AEF}"
EndProject
Global
	GlobalSection(SolutionConfigurationPlatforms) = preSolution
		Debug|Any CPU = Debug|Any CPU
		Release|Any CPU = Release|Any CPU
	EndGlobalSection
	GlobalSection(ProjectConfigurationPlatforms) = postSolution
		{73A8205B-3341-4F32-9822-08A400433AEF}.Debug|Any CPU.ActiveCfg = Debug|Any CPU
		{73A8205B-3341-4F32-9822-08A400433AEF}.Debug|Any CPU.Build.0 = Debug|Any CPU
		{73A8205B-3341-4F32-9822-08A400433AEF}.Debug|Any CPU.Deploy.0 = Debug|Any CPU
		{73A8205B-3341-4F32-9822-08A400433AEF}.Release|Any CPU.ActiveCfg = Release|Any CPU
		{73A8205B-3341-4F32-9822-08A400433AEF}.Release|Any CPU.Build.0 = Release|Any CPU
		{73A8205B-3341-4F32-9822-08A400433AEF}.Release|Any CPU.Deploy.0 = Release|Any CPU
	EndGlobalSection
	GlobalSection(SolutionProperties) = preSolution
		HideSolutionNode = FALSE
	EndGlobalSection
EndGlobal
